
Microsoft Visual Studio Solution File, Format Version 12.00
# Visual Studio Version 17
VisualStudioVersion = 17.10.35013.160
MinimumVisualStudioVersion = 10.0.40219.1
Project("{2150E333-8FDC-42A3-9474-1A3956D46DE8}") = "Éléments de solution", "Éléments de solution", "{14855A24-6973-48FB-92A8-BE830DD7EC69}"
EndProject
Project("{9A19103F-16F7-4668-BE54-9A1E7A4F7556}") = "ResxCodeGenerator", "ResxCodeGenerator\ResxCodeGenerator.csproj", "{24EF162A-5266-4A29-9188-7B1A8ACE074D}"
EndProject
Project("{9A19103F-16F7-4668-BE54-9A1E7A4F7556}") = "ResxCodeGenerator.Tools", "ResxCodeGeneration.Tools\ResxCodeGenerator.Tools.csproj", "{100EA9C0-8EB3-406C-922B-A41B944830E9}"
EndProject
Project("{FAE04EC0-301F-11D3-BF4B-00C04F79EFBC}") = "ResxCodeGenerator.pack", "ResxCodeGenerator.pack\ResxCodeGenerator.pack\ResxCodeGenerator.pack.csproj", "{4B387E84-DD4B-4C4A-A192-271EBAEBA3BE}"
EndProject
Global
	GlobalSection(SolutionConfigurationPlatforms) = preSolution
		Debug|Any CPU = Debug|Any CPU
		Release|Any CPU = Release|Any CPU
	EndGlobalSection
	GlobalSection(ProjectConfigurationPlatforms) = postSolution
		{24EF162A-5266-4A29-9188-7B1A8ACE074D}.Debug|Any CPU.ActiveCfg = Debug|Any CPU
		{24EF162A-5266-4A29-9188-7B1A8ACE074D}.Debug|Any CPU.Build.0 = Debug|Any CPU
		{24EF162A-5266-4A29-9188-7B1A8ACE074D}.Release|Any CPU.ActiveCfg = Release|Any CPU
		{24EF162A-5266-4A29-9188-7B1A8ACE074D}.Release|Any CPU.Build.0 = Release|Any CPU
		{100EA9C0-8EB3-406C-922B-A41B944830E9}.Debug|Any CPU.ActiveCfg = Debug|Any CPU
		{100EA9C0-8EB3-406C-922B-A41B944830E9}.Debug|Any CPU.Build.0 = Debug|Any CPU
		{100EA9C0-8EB3-406C-922B-A41B944830E9}.Release|Any CPU.ActiveCfg = Release|Any CPU
		{100EA9C0-8EB3-406C-922B-A41B944830E9}.Release|Any CPU.Build.0 = Release|Any CPU
		{4B387E84-DD4B-4C4A-A192-271EBAEBA3BE}.Debug|Any CPU.ActiveCfg = Debug|Any CPU
		{4B387E84-DD4B-4C4A-A192-271EBAEBA3BE}.Debug|Any CPU.Build.0 = Debug|Any CPU
		{4B387E84-DD4B-4C4A-A192-271EBAEBA3BE}.Release|Any CPU.ActiveCfg = Release|Any CPU
		{4B387E84-DD4B-4C4A-A192-271EBAEBA3BE}.Release|Any CPU.Build.0 = Release|Any CPU
	EndGlobalSection
	GlobalSection(SolutionProperties) = preSolution
		HideSolutionNode = FALSE
	EndGlobalSection
	GlobalSection(ExtensibilityGlobals) = postSolution
		SolutionGuid = {B3EA3754-02E6-43B7-875B-BC47C18A4EF9}
	EndGlobalSection
EndGlobal
